
Microsoft Visual Studio Solution File, Format Version 12.00
Project("{FAE04EC0-301F-11D3-BF4B-00C04F79EFBC}") = "PlayingGraphQL", "PlayingGraphQL\PlayingGraphQL.csproj", "{530FB092-C358-4AB2-BBF7-1AD71A28BB07}"
EndProject
Global
	GlobalSection(SolutionConfigurationPlatforms) = preSolution
		Debug|Any CPU = Debug|Any CPU
		Release|Any CPU = Release|Any CPU
	EndGlobalSection
	GlobalSection(ProjectConfigurationPlatforms) = postSolution
		{530FB092-C358-4AB2-BBF7-1AD71A28BB07}.Debug|Any CPU.ActiveCfg = Debug|Any CPU
		{530FB092-C358-4AB2-BBF7-1AD71A28BB07}.Debug|Any CPU.Build.0 = Debug|Any CPU
		{530FB092-C358-4AB2-BBF7-1AD71A28BB07}.Release|Any CPU.ActiveCfg = Release|Any CPU
		{530FB092-C358-4AB2-BBF7-1AD71A28BB07}.Release|Any CPU.Build.0 = Release|Any CPU
	EndGlobalSection
EndGlobal
